
Microsoft Visual Studio Solution File, Format Version 12.00
# Visual Studio Version 17
VisualStudioVersion = 17.5.33414.496
MinimumVisualStudioVersion = 10.0.40219.1
Project("{FAE04EC0-301F-11D3-BF4B-00C04F79EFBC}") = "EFCoreRalationship", "EFCoreRalationship\EFCoreRalationship.csproj", "{7BDC87BC-3DA6-4207-9C1C-2689E3317CF3}"
EndProject
Global
	GlobalSection(SolutionConfigurationPlatforms) = preSolution
		Debug|Any CPU = Debug|Any CPU
		Release|Any CPU = Release|Any CPU
	EndGlobalSection
	GlobalSection(ProjectConfigurationPlatforms) = postSolution
		{7BDC87BC-3DA6-4207-9C1C-2689E3317CF3}.Debug|Any CPU.ActiveCfg = Debug|Any CPU
		{7BDC87BC-3DA6-4207-9C1C-2689E3317CF3}.Debug|Any CPU.Build.0 = Debug|Any CPU
		{7BDC87BC-3DA6-4207-9C1C-2689E3317CF3}.Release|Any CPU.ActiveCfg = Release|Any CPU
		{7BDC87BC-3DA6-4207-9C1C-2689E3317CF3}.Release|Any CPU.Build.0 = Release|Any CPU
	EndGlobalSection
	GlobalSection(SolutionProperties) = preSolution
		HideSolutionNode = FALSE
	EndGlobalSection
	GlobalSection(ExtensibilityGlobals) = postSolution
		SolutionGuid = {3A31516E-259F-4EFB-99BD-EB2CDDF90C62}
	EndGlobalSection
EndGlobal
